
Microsoft Visual Studio Solution File, Format Version 12.00
# Visual Studio Version 17
VisualStudioVersion = 17.14.36616.10
MinimumVisualStudioVersion = 10.0.40219.1
Project("{2150E333-8FDC-42A3-9474-1A3956D46DE8}") = "Task0", "Task0", "{02EA681E-C7D8-13C7-8484-4AC65E1B71E8}"
EndProject
Project("{FAE04EC0-301F-11D3-BF4B-00C04F79EFBC}") = "Tyuiu.SherenkovIR.Sprint5.Task0.V6", "Tyuiu.SherenkovIR.Sprint5.Task0.V6\Tyuiu.SherenkovIR.Sprint5.Task0.V6.csproj", "{FAA6CF66-9C6A-4258-9856-B8F1B1BA66E8}"
EndProject
Project("{FAE04EC0-301F-11D3-BF4B-00C04F79EFBC}") = "Tyuiu.SherenkovIR.Sprint5.Task0.V6.Lib", "Tyuiu.SherenkovIR.Sprint5.Task0.V6.Lib\Tyuiu.SherenkovIR.Sprint5.Task0.V6.Lib.csproj", "{B1690C45-4E4D-4F68-BCB9-5924F563A917}"
EndProject
Project("{FAE04EC0-301F-11D3-BF4B-00C04F79EFBC}") = "Tyuiu.SherenkovIR.Sprint5.Task0.V6.Test", "Tyuiu.SherenkovIR.Sprint5.Task0.V6.Test\Tyuiu.SherenkovIR.Sprint5.Task0.V6.Test.csproj", "{1FCFB301-4009-411C-9936-8B58B0B9C2F3}"
EndProject
Project("{2150E333-8FDC-42A3-9474-1A3956D46DE8}") = "Task1", "Task1", "{04804952-E5EF-476F-BBCB-9D4B8C0EB521}"
EndProject
Project("{FAE04EC0-301F-11D3-BF4B-00C04F79EFBC}") = "Tyuiu.SherenkovIR.Sprint5.Task1.V17", "Tyuiu.SherenkovIR.Sprint5.Task1.V17\Tyuiu.SherenkovIR.Sprint5.Task1.V17.csproj", "{F4096032-8471-4C9D-B204-6584432619A6}"
EndProject
Project("{FAE04EC0-301F-11D3-BF4B-00C04F79EFBC}") = "Tyuiu.SherenkovIR.Sprint5.Task1.V17.Lib", "Tyuiu.SherenkovIR.Sprint5.Task1.V17.Lib\Tyuiu.SherenkovIR.Sprint5.Task1.V17.Lib.csproj", "{131B869E-6987-4013-B3BC-0C3A8D9CDF6F}"
EndProject
Project("{FAE04EC0-301F-11D3-BF4B-00C04F79EFBC}") = "Tyuiu.SherenkovIR.Sprint5.Task1.V17.Test", "Tyuiu.SherenkovIR.Sprint5.Task1.V17.Test\Tyuiu.SherenkovIR.Sprint5.Task1.V17.Test.csproj", "{419E9041-4185-418F-899B-B0D2C9FBE5CB}"
EndProject
Project("{2150E333-8FDC-42A3-9474-1A3956D46DE8}") = "Task2", "Task2", "{247E289C-7D4C-4D16-8AFB-27D8D10DF3D3}"
EndProject
Project("{FAE04EC0-301F-11D3-BF4B-00C04F79EFBC}") = "Tyuiu.SherenkovIR.Sprint5.Task2.V13", "Tyuiu.SherenkovIR.Sprint5.Task2.V13\Tyuiu.SherenkovIR.Sprint5.Task2.V13.csproj", "{071871DE-C9AD-4FBF-8705-C7F2AF19FBD1}"
EndProject
Project("{FAE04EC0-301F-11D3-BF4B-00C04F79EFBC}") = "Tyuiu.SherenkovIR.Sprint5.Task2.V13.Lib", "Tyuiu.SherenkovIR.Sprint5.Task2.V13.Lib\Tyuiu.SherenkovIR.Sprint5.Task2.V13.Lib.csproj", "{0E060626-22AD-4680-B969-056FBC1D66CE}"
EndProject
Project("{FAE04EC0-301F-11D3-BF4B-00C04F79EFBC}") = "Tyuiu.SherenkovIR.Sprint5.Task2.V13.Test", "Tyuiu.SherenkovIR.Sprint5.Task2.V13.Test\Tyuiu.SherenkovIR.Sprint5.Task2.V13.Test.csproj", "{C1769EF2-5F69-4B10-873E-D47D5F4270C9}"
EndProject
Project("{2150E333-8FDC-42A3-9474-1A3956D46DE8}") = "Task3", "Task3", "{3CC1EDBF-8A9A-4967-AE92-93CBB7B52486}"
EndProject
Project("{FAE04EC0-301F-11D3-BF4B-00C04F79EFBC}") = "Tyuiu.SherenkovIR.Sprint5.Task3.V4", "Tyuiu.SherenkovIR.Sprint5.Task3.V4\Tyuiu.SherenkovIR.Sprint5.Task3.V4.csproj", "{8EA4B2E0-016E-433A-BF4D-9FFB6F895DFC}"
EndProject
Project("{FAE04EC0-301F-11D3-BF4B-00C04F79EFBC}") = "Tyuiu.SherenkovIR.Sprint5.Task3.V4.Lib", "Tyuiu.SherenkovIR.Sprint5.Task3.V4.Lib\Tyuiu.SherenkovIR.Sprint5.Task3.V4.Lib.csproj", "{785D7F17-5879-49A7-B7D8-4BAEF84DE439}"
EndProject
Project("{FAE04EC0-301F-11D3-BF4B-00C04F79EFBC}") = "Tyuiu.SherenkovIR.Sprint5.Task3.V4.Test", "Tyuiu.SherenkovIR.Sprint5.Task3.V4.Test\Tyuiu.SherenkovIR.Sprint5.Task3.V4.Test.csproj", "{46D8E345-1531-4F6A-82D2-796845559E0F}"
EndProject
Project("{2150E333-8FDC-42A3-9474-1A3956D46DE8}") = "Task4", "Task4", "{7DCDD841-FC01-4945-AE67-6CED2403A200}"
EndProject
Project("{FAE04EC0-301F-11D3-BF4B-00C04F79EFBC}") = "Tyuiu.SherenkovIR.Sprint5.Task4.V9", "Tyuiu.SherenkovIR.Sprint5.Task4.V9\Tyuiu.SherenkovIR.Sprint5.Task4.V9.csproj", "{61720FD5-7E97-4387-BB88-85D28EBBEAA9}"
EndProject
Project("{FAE04EC0-301F-11D3-BF4B-00C04F79EFBC}") = "Tyuiu.SherenkovIR.Sprint5.Task4.V9.Lib", "Tyuiu.SherenkovIR.Sprint5.Task4.V9.Lib\Tyuiu.SherenkovIR.Sprint5.Task4.V9.Lib.csproj", "{2494F868-6439-4003-AD1F-C715CFED8A75}"
EndProject
Project("{FAE04EC0-301F-11D3-BF4B-00C04F79EFBC}") = "Tyuiu.SherenkovIR.Sprint5.Task4.V9.Test", "Tyuiu.SherenkovIR.Sprint5.Task4.V9.Test\Tyuiu.SherenkovIR.Sprint5.Task4.V9.Test.csproj", "{F3F6D202-3779-4737-B9C8-1A7B16395DEA}"
EndProject
Global
	GlobalSection(SolutionConfigurationPlatforms) = preSolution
		Debug|Any CPU = Debug|Any CPU
		Release|Any CPU = Release|Any CPU
	EndGlobalSection
	GlobalSection(ProjectConfigurationPlatforms) = postSolution
		{FAA6CF66-9C6A-4258-9856-B8F1B1BA66E8}.Debug|Any CPU.ActiveCfg = Debug|Any CPU
		{FAA6CF66-9C6A-4258-9856-B8F1B1BA66E8}.Debug|Any CPU.Build.0 = Debug|Any CPU
		{FAA6CF66-9C6A-4258-9856-B8F1B1BA66E8}.Release|Any CPU.ActiveCfg = Release|Any CPU
		{FAA6CF66-9C6A-4258-9856-B8F1B1BA66E8}.Release|Any CPU.Build.0 = Release|Any CPU
		{B1690C45-4E4D-4F68-BCB9-5924F563A917}.Debug|Any CPU.ActiveCfg = Debug|Any CPU
		{B1690C45-4E4D-4F68-BCB9-5924F563A917}.Debug|Any CPU.Build.0 = Debug|Any CPU
		{B1690C45-4E4D-4F68-BCB9-5924F563A917}.Release|Any CPU.ActiveCfg = Release|Any CPU
		{B1690C45-4E4D-4F68-BCB9-5924F563A917}.Release|Any CPU.Build.0 = Release|Any CPU
		{1FCFB301-4009-411C-9936-8B58B0B9C2F3}.Debug|Any CPU.ActiveCfg = Debug|Any CPU
		{1FCFB301-4009-411C-9936-8B58B0B9C2F3}.Debug|Any CPU.Build.0 = Debug|Any CPU
		{1FCFB301-4009-411C-9936-8B58B0B9C2F3}.Release|Any CPU.ActiveCfg = Release|Any CPU
		{1FCFB301-4009-411C-9936-8B58B0B9C2F3}.Release|Any CPU.Build.0 = Release|Any CPU
		{F4096032-8471-4C9D-B204-6584432619A6}.Debug|Any CPU.ActiveCfg = Debug|Any CPU
		{F4096032-8471-4C9D-B204-6584432619A6}.Debug|Any CPU.Build.0 = Debug|Any CPU
		{F4096032-8471-4C9D-B204-6584432619A6}.Release|Any CPU.ActiveCfg = Release|Any CPU
		{F4096032-8471-4C9D-B204-6584432619A6}.Release|Any CPU.Build.0 = Release|Any CPU
		{131B869E-6987-4013-B3BC-0C3A8D9CDF6F}.Debug|Any CPU.ActiveCfg = Debug|Any CPU
		{131B869E-6987-4013-B3BC-0C3A8D9CDF6F}.Debug|Any CPU.Build.0 = Debug|Any CPU
		{131B869E-6987-4013-B3BC-0C3A8D9CDF6F}.Release|Any CPU.ActiveCfg = Release|Any CPU
		{131B869E-6987-4013-B3BC-0C3A8D9CDF6F}.Release|Any CPU.Build.0 = Release|Any CPU
		{419E9041-4185-418F-899B-B0D2C9FBE5CB}.Debug|Any CPU.ActiveCfg = Debug|Any CPU
		{419E9041-4185-418F-899B-B0D2C9FBE5CB}.Debug|Any CPU.Build.0 = Debug|Any CPU
		{419E9041-4185-418F-899B-B0D2C9FBE5CB}.Release|Any CPU.ActiveCfg = Release|Any CPU
		{419E9041-4185-418F-899B-B0D2C9FBE5CB}.Release|Any CPU.Build.0 = Release|Any CPU
		{071871DE-C9AD-4FBF-8705-C7F2AF19FBD1}.Debug|Any CPU.ActiveCfg = Debug|Any CPU
		{071871DE-C9AD-4FBF-8705-C7F2AF19FBD1}.Debug|Any CPU.Build.0 = Debug|Any CPU
		{071871DE-C9AD-4FBF-8705-C7F2AF19FBD1}.Release|Any CPU.ActiveCfg = Release|Any CPU
		{071871DE-C9AD-4FBF-8705-C7F2AF19FBD1}.Release|Any CPU.Build.0 = Release|Any CPU
		{0E060626-22AD-4680-B969-056FBC1D66CE}.Debug|Any CPU.ActiveCfg = Debug|Any CPU
		{0E060626-22AD-4680-B969-056FBC1D66CE}.Debug|Any CPU.Build.0 = Debug|Any CPU
		{0E060626-22AD-4680-B969-056FBC1D66CE}.Release|Any CPU.ActiveCfg = Release|Any CPU
		{0E060626-22AD-4680-B969-056FBC1D66CE}.Release|Any CPU.Build.0 = Release|Any CPU
		{C1769EF2-5F69-4B10-873E-D47D5F4270C9}.Debug|Any CPU.ActiveCfg = Debug|Any CPU
		{C1769EF2-5F69-4B10-873E-D47D5F4270C9}.Debug|Any CPU.Build.0 = Debug|Any CPU
		{C1769EF2-5F69-4B10-873E-D47D5F4270C9}.Release|Any CPU.ActiveCfg = Release|Any CPU
		{C1769EF2-5F69-4B10-873E-D47D5F4270C9}.Release|Any CPU.Build.0 = Release|Any CPU
		{8EA4B2E0-016E-433A-BF4D-9FFB6F895DFC}.Debug|Any CPU.ActiveCfg = Debug|Any CPU
		{8EA4B2E0-016E-433A-BF4D-9FFB6F895DFC}.Debug|Any CPU.Build.0 = Debug|Any CPU
		{8EA4B2E0-016E-433A-BF4D-9FFB6F895DFC}.Release|Any CPU.ActiveCfg = Release|Any CPU
		{8EA4B2E0-016E-433A-BF4D-9FFB6F895DFC}.Release|Any CPU.Build.0 = Release|Any CPU
		{785D7F17-5879-49A7-B7D8-4BAEF84DE439}.Debug|Any CPU.ActiveCfg = Debug|Any CPU
		{785D7F17-5879-49A7-B7D8-4BAEF84DE439}.Debug|Any CPU.Build.0 = Debug|Any CPU
		{785D7F17-5879-49A7-B7D8-4BAEF84DE439}.Release|Any CPU.ActiveCfg = Release|Any CPU
		{785D7F17-5879-49A7-B7D8-4BAEF84DE439}.Release|Any CPU.Build.0 = Release|Any CPU
		{46D8E345-1531-4F6A-82D2-796845559E0F}.Debug|Any CPU.ActiveCfg = Debug|Any CPU
		{46D8E345-1531-4F6A-82D2-796845559E0F}.Debug|Any CPU.Build.0 = Debug|Any CPU
		{46D8E345-1531-4F6A-82D2-796845559E0F}.Release|Any CPU.ActiveCfg = Release|Any CPU
		{46D8E345-1531-4F6A-82D2-796845559E0F}.Release|Any CPU.Build.0 = Release|Any CPU
		{61720FD5-7E97-4387-BB88-85D28EBBEAA9}.Debug|Any CPU.ActiveCfg = Debug|Any CPU
		{61720FD5-7E97-4387-BB88-85D28EBBEAA9}.Debug|Any CPU.Build.0 = Debug|Any CPU
		{61720FD5-7E97-4387-BB88-85D28EBBEAA9}.Release|Any CPU.ActiveCfg = Release|Any CPU
		{61720FD5-7E97-4387-BB88-85D28EBBEAA9}.Release|Any CPU.Build.0 = Release|Any CPU
		{2494F868-6439-4003-AD1F-C715CFED8A75}.Debug|Any CPU.ActiveCfg = Debug|Any CPU
		{2494F868-6439-4003-AD1F-C715CFED8A75}.Debug|Any CPU.Build.0 = Debug|Any CPU
		{2494F868-6439-4003-AD1F-C715CFED8A75}.Release|Any CPU.ActiveCfg = Release|Any CPU
		{2494F868-6439-4003-AD1F-C715CFED8A75}.Release|Any CPU.Build.0 = Release|Any CPU
		{F3F6D202-3779-4737-B9C8-1A7B16395DEA}.Debug|Any CPU.ActiveCfg = Debug|Any CPU
		{F3F6D202-3779-4737-B9C8-1A7B16395DEA}.Debug|Any CPU.Build.0 = Debug|Any CPU
		{F3F6D202-3779-4737-B9C8-1A7B16395DEA}.Release|Any CPU.ActiveCfg = Release|Any CPU
		{F3F6D202-3779-4737-B9C8-1A7B16395DEA}.Release|Any CPU.Build.0 = Release|Any CPU
	EndGlobalSection
	GlobalSection(SolutionProperties) = preSolution
		HideSolutionNode = FALSE
	EndGlobalSection
	GlobalSection(NestedProjects) = preSolution
		{FAA6CF66-9C6A-4258-9856-B8F1B1BA66E8} = {02EA681E-C7D8-13C7-8484-4AC65E1B71E8}
		{B1690C45-4E4D-4F68-BCB9-5924F563A917} = {02EA681E-C7D8-13C7-8484-4AC65E1B71E8}
		{1FCFB301-4009-411C-9936-8B58B0B9C2F3} = {02EA681E-C7D8-13C7-8484-4AC65E1B71E8}
		{F4096032-8471-4C9D-B204-6584432619A6} = {04804952-E5EF-476F-BBCB-9D4B8C0EB521}
		{131B869E-6987-4013-B3BC-0C3A8D9CDF6F} = {04804952-E5EF-476F-BBCB-9D4B8C0EB521}
		{419E9041-4185-418F-899B-B0D2C9FBE5CB} = {04804952-E5EF-476F-BBCB-9D4B8C0EB521}
		{071871DE-C9AD-4FBF-8705-C7F2AF19FBD1} = {247E289C-7D4C-4D16-8AFB-27D8D10DF3D3}
		{0E060626-22AD-4680-B969-056FBC1D66CE} = {247E289C-7D4C-4D16-8AFB-27D8D10DF3D3}
		{C1769EF2-5F69-4B10-873E-D47D5F4270C9} = {247E289C-7D4C-4D16-8AFB-27D8D10DF3D3}
		{8EA4B2E0-016E-433A-BF4D-9FFB6F895DFC} = {3CC1EDBF-8A9A-4967-AE92-93CBB7B52486}
		{785D7F17-5879-49A7-B7D8-4BAEF84DE439} = {3CC1EDBF-8A9A-4967-AE92-93CBB7B52486}
		{46D8E345-1531-4F6A-82D2-796845559E0F} = {3CC1EDBF-8A9A-4967-AE92-93CBB7B52486}
		{61720FD5-7E97-4387-BB88-85D28EBBEAA9} = {7DCDD841-FC01-4945-AE67-6CED2403A200}
		{2494F868-6439-4003-AD1F-C715CFED8A75} = {7DCDD841-FC01-4945-AE67-6CED2403A200}
		{F3F6D202-3779-4737-B9C8-1A7B16395DEA} = {7DCDD841-FC01-4945-AE67-6CED2403A200}
	EndGlobalSection
	GlobalSection(ExtensibilityGlobals) = postSolution
		SolutionGuid = {D7D05F55-42A0-491F-96F3-550B936000A0}
	EndGlobalSection
EndGlobal
